
Microsoft Visual Studio Solution File, Format Version 12.00
# Visual Studio 2012
Project("{FAE04EC0-301F-11D3-BF4B-00C04F79EFBC}") = "Android.Sample", "Android.Sample\Android.Sample.csproj", "{C1669549-42DA-49E5-B88B-A6D0AD0A545F}"
EndProject
Global
	GlobalSection(SolutionConfigurationPlatforms) = preSolution
		Debug|Any CPU = Debug|Any CPU
		Release|Any CPU = Release|Any CPU
	EndGlobalSection
	GlobalSection(ProjectConfigurationPlatforms) = postSolution
		{C1669549-42DA-49E5-B88B-A6D0AD0A545F}.Debug|Any CPU.ActiveCfg = Debug|Any CPU
		{C1669549-42DA-49E5-B88B-A6D0AD0A545F}.Debug|Any CPU.Build.0 = Debug|Any CPU
		{C1669549-42DA-49E5-B88B-A6D0AD0A545F}.Debug|Any CPU.Deploy.0 = Debug|Any CPU
		{C1669549-42DA-49E5-B88B-A6D0AD0A545F}.Release|Any CPU.ActiveCfg = Release|Any CPU
		{C1669549-42DA-49E5-B88B-A6D0AD0A545F}.Release|Any CPU.Build.0 = Release|Any CPU
		{C1669549-42DA-49E5-B88B-A6D0AD0A545F}.Release|Any CPU.Deploy.0 = Release|Any CPU
	EndGlobalSection
	GlobalSection(SolutionProperties) = preSolution
		HideSolutionNode = FALSE
	EndGlobalSection
EndGlobal
