
Microsoft Visual Studio Solution File, Format Version 12.00
# Visual Studio 2012
Project("{FAE04EC0-301F-11D3-BF4B-00C04F79EFBC}") = "iOS.Sample", "iOS.Sample\iOS.Sample.csproj", "{2C8B478A-A9A6-4C6B-81C5-EE2923B7ECCA}"
EndProject
Global
	GlobalSection(SolutionConfigurationPlatforms) = preSolution
		Ad-Hoc|iPhone = Ad-Hoc|iPhone
		Ad-Hoc|iPhoneSimulator = Ad-Hoc|iPhoneSimulator
		AppStore|iPhone = AppStore|iPhone
		AppStore|iPhoneSimulator = AppStore|iPhoneSimulator
		Debug|iPhone = Debug|iPhone
		Debug|iPhoneSimulator = Debug|iPhoneSimulator
		Release|iPhone = Release|iPhone
		Release|iPhoneSimulator = Release|iPhoneSimulator
	EndGlobalSection
	GlobalSection(ProjectConfigurationPlatforms) = postSolution
		{2C8B478A-A9A6-4C6B-81C5-EE2923B7ECCA}.Ad-Hoc|iPhone.ActiveCfg = Ad-Hoc|iPhone
		{2C8B478A-A9A6-4C6B-81C5-EE2923B7ECCA}.Ad-Hoc|iPhone.Build.0 = Ad-Hoc|iPhone
		{2C8B478A-A9A6-4C6B-81C5-EE2923B7ECCA}.Ad-Hoc|iPhoneSimulator.ActiveCfg = Ad-Hoc|iPhoneSimulator
		{2C8B478A-A9A6-4C6B-81C5-EE2923B7ECCA}.Ad-Hoc|iPhoneSimulator.Build.0 = Ad-Hoc|iPhoneSimulator
		{2C8B478A-A9A6-4C6B-81C5-EE2923B7ECCA}.AppStore|iPhone.ActiveCfg = AppStore|iPhone
		{2C8B478A-A9A6-4C6B-81C5-EE2923B7ECCA}.AppStore|iPhone.Build.0 = AppStore|iPhone
		{2C8B478A-A9A6-4C6B-81C5-EE2923B7ECCA}.AppStore|iPhoneSimulator.ActiveCfg = AppStore|iPhoneSimulator
		{2C8B478A-A9A6-4C6B-81C5-EE2923B7ECCA}.AppStore|iPhoneSimulator.Build.0 = AppStore|iPhoneSimulator
		{2C8B478A-A9A6-4C6B-81C5-EE2923B7ECCA}.Debug|iPhone.ActiveCfg = Debug|iPhone
		{2C8B478A-A9A6-4C6B-81C5-EE2923B7ECCA}.Debug|iPhone.Build.0 = Debug|iPhone
		{2C8B478A-A9A6-4C6B-81C5-EE2923B7ECCA}.Debug|iPhoneSimulator.ActiveCfg = Debug|iPhoneSimulator
		{2C8B478A-A9A6-4C6B-81C5-EE2923B7ECCA}.Debug|iPhoneSimulator.Build.0 = Debug|iPhoneSimulator
		{2C8B478A-A9A6-4C6B-81C5-EE2923B7ECCA}.Release|iPhone.ActiveCfg = Release|iPhone
		{2C8B478A-A9A6-4C6B-81C5-EE2923B7ECCA}.Release|iPhone.Build.0 = Release|iPhone
		{2C8B478A-A9A6-4C6B-81C5-EE2923B7ECCA}.Release|iPhoneSimulator.ActiveCfg = Release|iPhoneSimulator
		{2C8B478A-A9A6-4C6B-81C5-EE2923B7ECCA}.Release|iPhoneSimulator.Build.0 = Release|iPhoneSimulator
	EndGlobalSection
	GlobalSection(SolutionProperties) = preSolution
		HideSolutionNode = FALSE
	EndGlobalSection
EndGlobal
