
Microsoft Visual Studio Solution File, Format Version 12.00
# Visual Studio 2012
Project("{FAE04EC0-301F-11D3-BF4B-00C04F79EFBC}") = "Portable.Licensing", "Portable.Licensing\Portable.Licensing.csproj", "{6D2B800C-C252-4A33-BA05-904AE5B79417}"
EndProject
Project("{2150E333-8FDC-42A3-9474-1A3956D46DE8}") = "Common", "Common", "{449E5271-6EE5-49BA-AB0E-370978ACD89C}"
	ProjectSection(SolutionItems) = preProject
		..\build.fsx = ..\build.fsx
		..\LICENSE.md = ..\LICENSE.md
		..\Portable.Licensing.nuspec = ..\Portable.Licensing.nuspec
		..\README.md = ..\README.md
	EndProjectSection
EndProject
Project("{FAE04EC0-301F-11D3-BF4B-00C04F79EFBC}") = "Portable.Licensing.Tests", "Portable.Licensing.Tests\Portable.Licensing.Tests.csproj", "{16CEEFD4-62BF-4539-9A08-0D05EC695572}"
EndProject
Project("{2150E333-8FDC-42A3-9474-1A3956D46DE8}") = ".nuget", ".nuget", "{7A7FE77C-2AD3-4322-ACE5-127CBA6553C7}"
	ProjectSection(SolutionItems) = preProject
		.nuget\NuGet.Config = .nuget\NuGet.Config
		.nuget\NuGet.exe = .nuget\NuGet.exe
		.nuget\NuGet.targets = .nuget\NuGet.targets
	EndProjectSection
EndProject
Project("{2150E333-8FDC-42A3-9474-1A3956D46DE8}") = "Samples", "Samples", "{A3D671EB-98E2-42BE-B8C0-27D040249B51}"
EndProject
Project("{FAE04EC0-301F-11D3-BF4B-00C04F79EFBC}") = "Android.Sample", "..\Samples\Android.Sample\Android.Sample\Android.Sample.csproj", "{C1669549-42DA-49E5-B88B-A6D0AD0A545F}"
EndProject
Project("{2150E333-8FDC-42A3-9474-1A3956D46DE8}") = "Xamarin", "Xamarin", "{BB17039C-1F40-476D-8F75-DA11576E4168}"
	ProjectSection(SolutionItems) = preProject
		..\Xamarin\Details.md = ..\Xamarin\Details.md
		..\Xamarin\GettingStarted.md = ..\Xamarin\GettingStarted.md
	EndProjectSection
EndProject
Project("{FAE04EC0-301F-11D3-BF4B-00C04F79EFBC}") = "iOS.Sample", "..\Samples\iOS.Sample\iOS.Sample\iOS.Sample.csproj", "{2C8B478A-A9A6-4C6B-81C5-EE2923B7ECCA}"
EndProject
Global
	GlobalSection(SolutionConfigurationPlatforms) = preSolution
		Ad-Hoc|Any CPU = Ad-Hoc|Any CPU
		Ad-Hoc|iPhone = Ad-Hoc|iPhone
		Ad-Hoc|iPhoneSimulator = Ad-Hoc|iPhoneSimulator
		Ad-Hoc|Mixed Platforms = Ad-Hoc|Mixed Platforms
		AppStore|Any CPU = AppStore|Any CPU
		AppStore|iPhone = AppStore|iPhone
		AppStore|iPhoneSimulator = AppStore|iPhoneSimulator
		AppStore|Mixed Platforms = AppStore|Mixed Platforms
		Debug|Any CPU = Debug|Any CPU
		Debug|iPhone = Debug|iPhone
		Debug|iPhoneSimulator = Debug|iPhoneSimulator
		Debug|Mixed Platforms = Debug|Mixed Platforms
		Release|Any CPU = Release|Any CPU
		Release|iPhone = Release|iPhone
		Release|iPhoneSimulator = Release|iPhoneSimulator
		Release|Mixed Platforms = Release|Mixed Platforms
	EndGlobalSection
	GlobalSection(ProjectConfigurationPlatforms) = postSolution
		{6D2B800C-C252-4A33-BA05-904AE5B79417}.Ad-Hoc|Any CPU.ActiveCfg = Debug|Any CPU
		{6D2B800C-C252-4A33-BA05-904AE5B79417}.Ad-Hoc|Any CPU.Build.0 = Debug|Any CPU
		{6D2B800C-C252-4A33-BA05-904AE5B79417}.Ad-Hoc|iPhone.ActiveCfg = Debug|Any CPU
		{6D2B800C-C252-4A33-BA05-904AE5B79417}.Ad-Hoc|iPhoneSimulator.ActiveCfg = Debug|Any CPU
		{6D2B800C-C252-4A33-BA05-904AE5B79417}.Ad-Hoc|Mixed Platforms.ActiveCfg = Debug|Any CPU
		{6D2B800C-C252-4A33-BA05-904AE5B79417}.Ad-Hoc|Mixed Platforms.Build.0 = Debug|Any CPU
		{6D2B800C-C252-4A33-BA05-904AE5B79417}.AppStore|Any CPU.ActiveCfg = Debug|Any CPU
		{6D2B800C-C252-4A33-BA05-904AE5B79417}.AppStore|Any CPU.Build.0 = Debug|Any CPU
		{6D2B800C-C252-4A33-BA05-904AE5B79417}.AppStore|iPhone.ActiveCfg = Debug|Any CPU
		{6D2B800C-C252-4A33-BA05-904AE5B79417}.AppStore|iPhoneSimulator.ActiveCfg = Debug|Any CPU
		{6D2B800C-C252-4A33-BA05-904AE5B79417}.AppStore|Mixed Platforms.ActiveCfg = Debug|Any CPU
		{6D2B800C-C252-4A33-BA05-904AE5B79417}.AppStore|Mixed Platforms.Build.0 = Debug|Any CPU
		{6D2B800C-C252-4A33-BA05-904AE5B79417}.Debug|Any CPU.ActiveCfg = Release|Any CPU
		{6D2B800C-C252-4A33-BA05-904AE5B79417}.Debug|Any CPU.Build.0 = Release|Any CPU
		{6D2B800C-C252-4A33-BA05-904AE5B79417}.Debug|iPhone.ActiveCfg = Debug|Any CPU
		{6D2B800C-C252-4A33-BA05-904AE5B79417}.Debug|iPhoneSimulator.ActiveCfg = Debug|Any CPU
		{6D2B800C-C252-4A33-BA05-904AE5B79417}.Debug|Mixed Platforms.ActiveCfg = Debug|Any CPU
		{6D2B800C-C252-4A33-BA05-904AE5B79417}.Debug|Mixed Platforms.Build.0 = Debug|Any CPU
		{6D2B800C-C252-4A33-BA05-904AE5B79417}.Release|Any CPU.ActiveCfg = Release|Any CPU
		{6D2B800C-C252-4A33-BA05-904AE5B79417}.Release|Any CPU.Build.0 = Release|Any CPU
		{6D2B800C-C252-4A33-BA05-904AE5B79417}.Release|iPhone.ActiveCfg = Release|Any CPU
		{6D2B800C-C252-4A33-BA05-904AE5B79417}.Release|iPhoneSimulator.ActiveCfg = Release|Any CPU
		{6D2B800C-C252-4A33-BA05-904AE5B79417}.Release|Mixed Platforms.ActiveCfg = Release|Any CPU
		{6D2B800C-C252-4A33-BA05-904AE5B79417}.Release|Mixed Platforms.Build.0 = Release|Any CPU
		{16CEEFD4-62BF-4539-9A08-0D05EC695572}.Ad-Hoc|Any CPU.ActiveCfg = Debug|Any CPU
		{16CEEFD4-62BF-4539-9A08-0D05EC695572}.Ad-Hoc|Any CPU.Build.0 = Debug|Any CPU
		{16CEEFD4-62BF-4539-9A08-0D05EC695572}.Ad-Hoc|iPhone.ActiveCfg = Debug|Any CPU
		{16CEEFD4-62BF-4539-9A08-0D05EC695572}.Ad-Hoc|iPhoneSimulator.ActiveCfg = Debug|Any CPU
		{16CEEFD4-62BF-4539-9A08-0D05EC695572}.Ad-Hoc|Mixed Platforms.ActiveCfg = Debug|Any CPU
		{16CEEFD4-62BF-4539-9A08-0D05EC695572}.Ad-Hoc|Mixed Platforms.Build.0 = Debug|Any CPU
		{16CEEFD4-62BF-4539-9A08-0D05EC695572}.AppStore|Any CPU.ActiveCfg = Debug|Any CPU
		{16CEEFD4-62BF-4539-9A08-0D05EC695572}.AppStore|Any CPU.Build.0 = Debug|Any CPU
		{16CEEFD4-62BF-4539-9A08-0D05EC695572}.AppStore|iPhone.ActiveCfg = Debug|Any CPU
		{16CEEFD4-62BF-4539-9A08-0D05EC695572}.AppStore|iPhoneSimulator.ActiveCfg = Debug|Any CPU
		{16CEEFD4-62BF-4539-9A08-0D05EC695572}.AppStore|Mixed Platforms.ActiveCfg = Debug|Any CPU
		{16CEEFD4-62BF-4539-9A08-0D05EC695572}.AppStore|Mixed Platforms.Build.0 = Debug|Any CPU
		{16CEEFD4-62BF-4539-9A08-0D05EC695572}.Debug|Any CPU.ActiveCfg = Release|Any CPU
		{16CEEFD4-62BF-4539-9A08-0D05EC695572}.Debug|Any CPU.Build.0 = Release|Any CPU
		{16CEEFD4-62BF-4539-9A08-0D05EC695572}.Debug|iPhone.ActiveCfg = Debug|Any CPU
		{16CEEFD4-62BF-4539-9A08-0D05EC695572}.Debug|iPhoneSimulator.ActiveCfg = Debug|Any CPU
		{16CEEFD4-62BF-4539-9A08-0D05EC695572}.Debug|Mixed Platforms.ActiveCfg = Debug|Any CPU
		{16CEEFD4-62BF-4539-9A08-0D05EC695572}.Debug|Mixed Platforms.Build.0 = Debug|Any CPU
		{16CEEFD4-62BF-4539-9A08-0D05EC695572}.Release|Any CPU.ActiveCfg = Release|Any CPU
		{16CEEFD4-62BF-4539-9A08-0D05EC695572}.Release|Any CPU.Build.0 = Release|Any CPU
		{16CEEFD4-62BF-4539-9A08-0D05EC695572}.Release|iPhone.ActiveCfg = Release|Any CPU
		{16CEEFD4-62BF-4539-9A08-0D05EC695572}.Release|iPhoneSimulator.ActiveCfg = Release|Any CPU
		{16CEEFD4-62BF-4539-9A08-0D05EC695572}.Release|Mixed Platforms.ActiveCfg = Release|Any CPU
		{16CEEFD4-62BF-4539-9A08-0D05EC695572}.Release|Mixed Platforms.Build.0 = Release|Any CPU
		{C1669549-42DA-49E5-B88B-A6D0AD0A545F}.Ad-Hoc|Any CPU.ActiveCfg = Debug|Any CPU
		{C1669549-42DA-49E5-B88B-A6D0AD0A545F}.Ad-Hoc|Any CPU.Build.0 = Debug|Any CPU
		{C1669549-42DA-49E5-B88B-A6D0AD0A545F}.Ad-Hoc|Any CPU.Deploy.0 = Debug|Any CPU
		{C1669549-42DA-49E5-B88B-A6D0AD0A545F}.Ad-Hoc|iPhone.ActiveCfg = Debug|Any CPU
		{C1669549-42DA-49E5-B88B-A6D0AD0A545F}.Ad-Hoc|iPhoneSimulator.ActiveCfg = Debug|Any CPU
		{C1669549-42DA-49E5-B88B-A6D0AD0A545F}.Ad-Hoc|Mixed Platforms.ActiveCfg = Debug|Any CPU
		{C1669549-42DA-49E5-B88B-A6D0AD0A545F}.Ad-Hoc|Mixed Platforms.Build.0 = Debug|Any CPU
		{C1669549-42DA-49E5-B88B-A6D0AD0A545F}.Ad-Hoc|Mixed Platforms.Deploy.0 = Debug|Any CPU
		{C1669549-42DA-49E5-B88B-A6D0AD0A545F}.AppStore|Any CPU.ActiveCfg = Debug|Any CPU
		{C1669549-42DA-49E5-B88B-A6D0AD0A545F}.AppStore|Any CPU.Build.0 = Debug|Any CPU
		{C1669549-42DA-49E5-B88B-A6D0AD0A545F}.AppStore|Any CPU.Deploy.0 = Debug|Any CPU
		{C1669549-42DA-49E5-B88B-A6D0AD0A545F}.AppStore|iPhone.ActiveCfg = Debug|Any CPU
		{C1669549-42DA-49E5-B88B-A6D0AD0A545F}.AppStore|iPhoneSimulator.ActiveCfg = Debug|Any CPU
		{C1669549-42DA-49E5-B88B-A6D0AD0A545F}.AppStore|Mixed Platforms.ActiveCfg = Debug|Any CPU
		{C1669549-42DA-49E5-B88B-A6D0AD0A545F}.AppStore|Mixed Platforms.Build.0 = Debug|Any CPU
		{C1669549-42DA-49E5-B88B-A6D0AD0A545F}.AppStore|Mixed Platforms.Deploy.0 = Debug|Any CPU
		{C1669549-42DA-49E5-B88B-A6D0AD0A545F}.Debug|Any CPU.ActiveCfg = Release|Any CPU
		{C1669549-42DA-49E5-B88B-A6D0AD0A545F}.Debug|iPhone.ActiveCfg = Debug|Any CPU
		{C1669549-42DA-49E5-B88B-A6D0AD0A545F}.Debug|iPhoneSimulator.ActiveCfg = Debug|Any CPU
		{C1669549-42DA-49E5-B88B-A6D0AD0A545F}.Debug|Mixed Platforms.ActiveCfg = Debug|Any CPU
		{C1669549-42DA-49E5-B88B-A6D0AD0A545F}.Debug|Mixed Platforms.Build.0 = Debug|Any CPU
		{C1669549-42DA-49E5-B88B-A6D0AD0A545F}.Debug|Mixed Platforms.Deploy.0 = Debug|Any CPU
		{C1669549-42DA-49E5-B88B-A6D0AD0A545F}.Release|Any CPU.ActiveCfg = Release|Any CPU
		{C1669549-42DA-49E5-B88B-A6D0AD0A545F}.Release|iPhone.ActiveCfg = Release|Any CPU
		{C1669549-42DA-49E5-B88B-A6D0AD0A545F}.Release|iPhoneSimulator.ActiveCfg = Release|Any CPU
		{C1669549-42DA-49E5-B88B-A6D0AD0A545F}.Release|Mixed Platforms.ActiveCfg = Release|Any CPU
		{C1669549-42DA-49E5-B88B-A6D0AD0A545F}.Release|Mixed Platforms.Build.0 = Release|Any CPU
		{C1669549-42DA-49E5-B88B-A6D0AD0A545F}.Release|Mixed Platforms.Deploy.0 = Release|Any CPU
		{2C8B478A-A9A6-4C6B-81C5-EE2923B7ECCA}.Ad-Hoc|Any CPU.ActiveCfg = Ad-Hoc|iPhone
		{2C8B478A-A9A6-4C6B-81C5-EE2923B7ECCA}.Ad-Hoc|iPhone.ActiveCfg = Ad-Hoc|iPhone
		{2C8B478A-A9A6-4C6B-81C5-EE2923B7ECCA}.Ad-Hoc|iPhone.Build.0 = Ad-Hoc|iPhone
		{2C8B478A-A9A6-4C6B-81C5-EE2923B7ECCA}.Ad-Hoc|iPhoneSimulator.ActiveCfg = Ad-Hoc|iPhoneSimulator
		{2C8B478A-A9A6-4C6B-81C5-EE2923B7ECCA}.Ad-Hoc|iPhoneSimulator.Build.0 = Ad-Hoc|iPhoneSimulator
		{2C8B478A-A9A6-4C6B-81C5-EE2923B7ECCA}.Ad-Hoc|Mixed Platforms.ActiveCfg = Ad-Hoc|iPhone
		{2C8B478A-A9A6-4C6B-81C5-EE2923B7ECCA}.Ad-Hoc|Mixed Platforms.Build.0 = Ad-Hoc|iPhone
		{2C8B478A-A9A6-4C6B-81C5-EE2923B7ECCA}.AppStore|Any CPU.ActiveCfg = AppStore|iPhone
		{2C8B478A-A9A6-4C6B-81C5-EE2923B7ECCA}.AppStore|iPhone.ActiveCfg = AppStore|iPhone
		{2C8B478A-A9A6-4C6B-81C5-EE2923B7ECCA}.AppStore|iPhone.Build.0 = AppStore|iPhone
		{2C8B478A-A9A6-4C6B-81C5-EE2923B7ECCA}.AppStore|iPhoneSimulator.ActiveCfg = AppStore|iPhoneSimulator
		{2C8B478A-A9A6-4C6B-81C5-EE2923B7ECCA}.AppStore|iPhoneSimulator.Build.0 = AppStore|iPhoneSimulator
		{2C8B478A-A9A6-4C6B-81C5-EE2923B7ECCA}.AppStore|Mixed Platforms.ActiveCfg = AppStore|iPhone
		{2C8B478A-A9A6-4C6B-81C5-EE2923B7ECCA}.AppStore|Mixed Platforms.Build.0 = AppStore|iPhone
		{2C8B478A-A9A6-4C6B-81C5-EE2923B7ECCA}.Debug|Any CPU.ActiveCfg = Debug|iPhone
		{2C8B478A-A9A6-4C6B-81C5-EE2923B7ECCA}.Debug|iPhone.ActiveCfg = Debug|iPhone
		{2C8B478A-A9A6-4C6B-81C5-EE2923B7ECCA}.Debug|iPhone.Build.0 = Debug|iPhone
		{2C8B478A-A9A6-4C6B-81C5-EE2923B7ECCA}.Debug|iPhoneSimulator.ActiveCfg = Debug|iPhoneSimulator
		{2C8B478A-A9A6-4C6B-81C5-EE2923B7ECCA}.Debug|iPhoneSimulator.Build.0 = Debug|iPhoneSimulator
		{2C8B478A-A9A6-4C6B-81C5-EE2923B7ECCA}.Debug|Mixed Platforms.ActiveCfg = Debug|iPhone
		{2C8B478A-A9A6-4C6B-81C5-EE2923B7ECCA}.Debug|Mixed Platforms.Build.0 = Debug|iPhone
		{2C8B478A-A9A6-4C6B-81C5-EE2923B7ECCA}.Release|Any CPU.ActiveCfg = Release|iPhone
		{2C8B478A-A9A6-4C6B-81C5-EE2923B7ECCA}.Release|iPhone.ActiveCfg = Release|iPhone
		{2C8B478A-A9A6-4C6B-81C5-EE2923B7ECCA}.Release|iPhone.Build.0 = Release|iPhone
		{2C8B478A-A9A6-4C6B-81C5-EE2923B7ECCA}.Release|iPhoneSimulator.ActiveCfg = Release|iPhoneSimulator
		{2C8B478A-A9A6-4C6B-81C5-EE2923B7ECCA}.Release|iPhoneSimulator.Build.0 = Release|iPhoneSimulator
		{2C8B478A-A9A6-4C6B-81C5-EE2923B7ECCA}.Release|Mixed Platforms.ActiveCfg = Release|iPhone
		{2C8B478A-A9A6-4C6B-81C5-EE2923B7ECCA}.Release|Mixed Platforms.Build.0 = Release|iPhone
	EndGlobalSection
	GlobalSection(SolutionProperties) = preSolution
		HideSolutionNode = FALSE
	EndGlobalSection
	GlobalSection(NestedProjects) = preSolution
		{BB17039C-1F40-476D-8F75-DA11576E4168} = {449E5271-6EE5-49BA-AB0E-370978ACD89C}
		{C1669549-42DA-49E5-B88B-A6D0AD0A545F} = {A3D671EB-98E2-42BE-B8C0-27D040249B51}
		{2C8B478A-A9A6-4C6B-81C5-EE2923B7ECCA} = {A3D671EB-98E2-42BE-B8C0-27D040249B51}
	EndGlobalSection
EndGlobal
